
Microsoft Visual Studio Solution File, Format Version 12.00
# Visual Studio 15
VisualStudioVersion = 15.0.27130.2027
MinimumVisualStudioVersion = 10.0.40219.1
Project("{6870E480-7721-4708-BFB8-9AE898AA21B3}") = "TPP Dashboard", "TPP Dashboard\TPP Dashboard.smproj", "{8CE414BB-95B2-4C99-9E03-51BA72086E22}"
EndProject
Global
	GlobalSection(SolutionConfigurationPlatforms) = preSolution
		Development|Any = Development|Any
		UPDServer|Any = UPDServer|Any
	EndGlobalSection
	GlobalSection(ProjectConfigurationPlatforms) = postSolution
		{8CE414BB-95B2-4C99-9E03-51BA72086E22}.Development|Any.ActiveCfg = Development|x86
		{8CE414BB-95B2-4C99-9E03-51BA72086E22}.Development|Any.Build.0 = Development|x86
		{8CE414BB-95B2-4C99-9E03-51BA72086E22}.Development|Any.Deploy.0 = Development|x86
		{8CE414BB-95B2-4C99-9E03-51BA72086E22}.UPDServer|Any.ActiveCfg = UpdServer|x86
		{8CE414BB-95B2-4C99-9E03-51BA72086E22}.UPDServer|Any.Build.0 = UpdServer|x86
		{8CE414BB-95B2-4C99-9E03-51BA72086E22}.UPDServer|Any.Deploy.0 = UpdServer|x86
	EndGlobalSection
	GlobalSection(SolutionProperties) = preSolution
		HideSolutionNode = FALSE
	EndGlobalSection
	GlobalSection(ExtensibilityGlobals) = postSolution
		SolutionGuid = {C66B4965-7BB8-42A7-936F-F6B4CCC30020}
	EndGlobalSection
EndGlobal
